
Microsoft Visual Studio Solution File, Format Version 12.00
# Visual Studio Version 17
VisualStudioVersion = 17.11.35219.272
MinimumVisualStudioVersion = 10.0.40219.1
Project("{FAE04EC0-301F-11D3-BF4B-00C04F79EFBC}") = "fp-EmilySierra", "fp-EmilySierra\fp-EmilySierra.csproj", "{F6B463B0-2A46-4326-B084-B885AEAB6F10}"
EndProject
Global
	GlobalSection(SolutionConfigurationPlatforms) = preSolution
		Debug|Any CPU = Debug|Any CPU
		Release|Any CPU = Release|Any CPU
	EndGlobalSection
	GlobalSection(ProjectConfigurationPlatforms) = postSolution
		{F6B463B0-2A46-4326-B084-B885AEAB6F10}.Debug|Any CPU.ActiveCfg = Debug|Any CPU
		{F6B463B0-2A46-4326-B084-B885AEAB6F10}.Debug|Any CPU.Build.0 = Debug|Any CPU
		{F6B463B0-2A46-4326-B084-B885AEAB6F10}.Release|Any CPU.ActiveCfg = Release|Any CPU
		{F6B463B0-2A46-4326-B084-B885AEAB6F10}.Release|Any CPU.Build.0 = Release|Any CPU
	EndGlobalSection
	GlobalSection(SolutionProperties) = preSolution
		HideSolutionNode = FALSE
	EndGlobalSection
	GlobalSection(ExtensibilityGlobals) = postSolution
		SolutionGuid = {6D726210-4A75-4D4C-B5A6-A79ECAC6DA1E}
	EndGlobalSection
EndGlobal
